
Microsoft Visual Studio Solution File, Format Version 12.00
# Visual Studio 15
VisualStudioVersion = 15.0.27004.2006
MinimumVisualStudioVersion = 10.0.40219.1
Project("{FAE04EC0-301F-11D3-BF4B-00C04F79EFBC}") = "01. Operators 'is' and 'as' - which is better", "01. Operators 'is' and 'as' - which is better\01. Operators 'is' and 'as' - which is better.csproj", "{AE8EE125-9193-4D0B-8315-BE65C3A13D0F}"
EndProject
Project("{2150E333-8FDC-42A3-9474-1A3956D46DE8}") = "Solution Items", "Solution Items", "{9AEE5E23-C82E-4200-8A1A-2826177E729B}"
	ProjectSection(SolutionItems) = preProject
		.gitignore = .gitignore
	EndProjectSection
EndProject
Project("{FAE04EC0-301F-11D3-BF4B-00C04F79EFBC}") = "02. Operators 'checked' and 'unchecked' - did you know about them", "02. Operators 'checked' and 'unchecked' - did you know about them\02. Operators 'checked' and 'unchecked' - did you know about them.csproj", "{4796EE52-57AF-430C-B645-91F8F9AE581B}"
EndProject
Project("{FAE04EC0-301F-11D3-BF4B-00C04F79EFBC}") = "03. Scary implicit 'boxing' - always be aware of this", "03. Scary implicit 'boxing' - always be aware of this\03. Scary implicit 'boxing' - always be aware of this.csproj", "{FB8CD8F8-90F2-435B-B970-62B13A2D81D9}"
EndProject
Project("{FAE04EC0-301F-11D3-BF4B-00C04F79EFBC}") = "__bin", "__bin\__bin.csproj", "{4C508C2B-0D0E-436E-B2F4-1C7B840F8072}"
EndProject
Project("{FAE04EC0-301F-11D3-BF4B-00C04F79EFBC}") = "04. Tricky 'virtual' methods - you may not know about it", "04. Tricky 'virtual' methods - you may not know about it\04. Tricky 'virtual' methods - you may not know about it.csproj", "{BD49404C-EBB5-414E-AE8A-AE98EAFEE956}"
EndProject
Project("{FAE04EC0-301F-11D3-BF4B-00C04F79EFBC}") = "05. 'Constants' and Version Control - problem you can encounter", "05. 'Constants' and Version Control - problem you can encounter\05. 'Constants' and Version Control - problem you can encounter.csproj", "{1BE7087F-9DD2-450C-819C-1C38FD55FFDE}"
EndProject
Project("{FAE04EC0-301F-11D3-BF4B-00C04F79EFBC}") = "06. Changeable 'readonly' object - yes, it may not be read-only", "06. Changeable 'readonly' Object - yes, it may not be read-only\06. Changeable 'readonly' object - yes, it may not be read-only.csproj", "{1484088E-3076-4D00-9C22-A3B74B4123E5}"
EndProject
Project("{FAE04EC0-301F-11D3-BF4B-00C04F79EFBC}") = "07. Calling 'constructor' inside 'constructor' - when you should do it", "07. Calling 'constructor' inside 'constructor' - when you should do it\07. Calling 'constructor' inside 'constructor' - when you should do it.csproj", "{A60DA2C2-99D3-4B6B-8301-A63D7EBF8D46}"
EndProject
Project("{FAE04EC0-301F-11D3-BF4B-00C04F79EFBC}") = "08. Simple things you CAN'T do in 'structures' - this may be shocking", "08. Simple things you CAN'T do in 'structures' - this may be shocking\08. Simple things you CAN'T do in 'structures' - this may be shocking.csproj", "{35F9DC48-3C07-47DD-8191-5164E8BD8720}"
EndProject
Project("{FAE04EC0-301F-11D3-BF4B-00C04F79EFBC}") = "09. 'Operator' overload - how to do it most correctly", "09. 'Operator' overload - how to do it most correctly\09. 'Operator' overload - how to do it most correctly.csproj", "{C93D2CC9-B8AB-4C1D-A66A-EB6C65DA7AC9}"
EndProject
Project("{FAE04EC0-301F-11D3-BF4B-00C04F79EFBC}") = "10. 'Cast' operator overload - just a reminder", "10. 'Cast' operator overload - just a reminder\10. 'Cast' operator overload - just a reminder.csproj", "{4EE0374E-D1C8-4E29-B865-09A9F79A788C}"
EndProject
Project("{FAE04EC0-301F-11D3-BF4B-00C04F79EFBC}") = "11. 'Partial' classes and methods - define now, implement later", "11. 'Partial' classes and methods - define now, implement later\11. 'Partial' classes and methods - define now, implement later.csproj", "{2E2B25F8-1C0D-442F-B3E9-A535681AAEFE}"
EndProject
Project("{FAE04EC0-301F-11D3-BF4B-00C04F79EFBC}") = "12. Secure 'ref' and 'out' parameters - something about type safety", "12. Secure 'ref' and 'out' parameters - something about type safety\12. Secure 'ref' and 'out' parameters - something about type safety.csproj", "{CE02D1A6-040A-4A84-BB2A-A502FC433F90}"
EndProject
Project("{FAE04EC0-301F-11D3-BF4B-00C04F79EFBC}") = "13. 'Params' keyword - pass INFINITE number of parameters to the method", "13. 'Params' keyword - pass INFINITE number of parameters to the method\13. 'Params' keyword - pass INFINITE number of parameters to the method.csproj", "{7B61B592-2AB7-45C4-A9F8-EE4BD1ADC725}"
EndProject
Project("{FAE04EC0-301F-11D3-BF4B-00C04F79EFBC}") = "14. 'Properties' and Visual Studio debugger - weird things he does", "14. 'Properties' and Visual Studio debugger - weird things he does\14. 'Properties' and Visual Studio debugger - weird things he does.csproj", "{D24C6199-446A-49C7-88D6-A0717FDCC473}"
EndProject
Project("{FAE04EC0-301F-11D3-BF4B-00C04F79EFBC}") = "15. 'Anonymous' types - creating typeless objects", "15. 'Anonymous' types - creating typeless objects\15. 'Anonymous' types - creating typeless objects.csproj", "{1A10723E-1C4A-46CD-8FF4-3A5B04D481EA}"
EndProject
Project("{FAE04EC0-301F-11D3-BF4B-00C04F79EFBC}") = "16. 'Indexers', or properties with parameters - how to use them", "16. 'Indexers', or properties with parameters - how to use them\16. 'Indexers', or properties with parameters - how to use them.csproj", "{3C868F48-5D82-48E8-9E3C-9898C22DE7E9}"
EndProject
Project("{FAE04EC0-301F-11D3-BF4B-00C04F79EFBC}") = "17. How to use 'Events' - step-by-step example", "17. How to use 'Events' - step-by-step example\17. How to use 'Events' - step-by-step example.csproj", "{551E98E6-588B-4F08-9F2D-C2C583DFA974}"
EndProject
Project("{FAE04EC0-301F-11D3-BF4B-00C04F79EFBC}") = "18. 'Events' optimizer - reduce memory usage with this simple trick", "18. 'Events' optimizer - reduce memory usage with this simple trick\18. 'Events' optimizer - reduce memory usage with this simple trick.csproj", "{A94760C7-A310-4792-8C63-06307DA62543}"
EndProject
Global
	GlobalSection(SolutionConfigurationPlatforms) = preSolution
		Debug|Any CPU = Debug|Any CPU
		Release|Any CPU = Release|Any CPU
	EndGlobalSection
	GlobalSection(ProjectConfigurationPlatforms) = postSolution
		{AE8EE125-9193-4D0B-8315-BE65C3A13D0F}.Debug|Any CPU.ActiveCfg = Debug|Any CPU
		{AE8EE125-9193-4D0B-8315-BE65C3A13D0F}.Debug|Any CPU.Build.0 = Debug|Any CPU
		{AE8EE125-9193-4D0B-8315-BE65C3A13D0F}.Release|Any CPU.ActiveCfg = Release|Any CPU
		{AE8EE125-9193-4D0B-8315-BE65C3A13D0F}.Release|Any CPU.Build.0 = Release|Any CPU
		{4796EE52-57AF-430C-B645-91F8F9AE581B}.Debug|Any CPU.ActiveCfg = Debug|Any CPU
		{4796EE52-57AF-430C-B645-91F8F9AE581B}.Debug|Any CPU.Build.0 = Debug|Any CPU
		{4796EE52-57AF-430C-B645-91F8F9AE581B}.Release|Any CPU.ActiveCfg = Release|Any CPU
		{4796EE52-57AF-430C-B645-91F8F9AE581B}.Release|Any CPU.Build.0 = Release|Any CPU
		{FB8CD8F8-90F2-435B-B970-62B13A2D81D9}.Debug|Any CPU.ActiveCfg = Debug|Any CPU
		{FB8CD8F8-90F2-435B-B970-62B13A2D81D9}.Debug|Any CPU.Build.0 = Debug|Any CPU
		{FB8CD8F8-90F2-435B-B970-62B13A2D81D9}.Release|Any CPU.ActiveCfg = Release|Any CPU
		{FB8CD8F8-90F2-435B-B970-62B13A2D81D9}.Release|Any CPU.Build.0 = Release|Any CPU
		{4C508C2B-0D0E-436E-B2F4-1C7B840F8072}.Debug|Any CPU.ActiveCfg = Debug|Any CPU
		{4C508C2B-0D0E-436E-B2F4-1C7B840F8072}.Debug|Any CPU.Build.0 = Debug|Any CPU
		{4C508C2B-0D0E-436E-B2F4-1C7B840F8072}.Release|Any CPU.ActiveCfg = Release|Any CPU
		{4C508C2B-0D0E-436E-B2F4-1C7B840F8072}.Release|Any CPU.Build.0 = Release|Any CPU
		{BD49404C-EBB5-414E-AE8A-AE98EAFEE956}.Debug|Any CPU.ActiveCfg = Debug|Any CPU
		{BD49404C-EBB5-414E-AE8A-AE98EAFEE956}.Debug|Any CPU.Build.0 = Debug|Any CPU
		{BD49404C-EBB5-414E-AE8A-AE98EAFEE956}.Release|Any CPU.ActiveCfg = Release|Any CPU
		{BD49404C-EBB5-414E-AE8A-AE98EAFEE956}.Release|Any CPU.Build.0 = Release|Any CPU
		{1BE7087F-9DD2-450C-819C-1C38FD55FFDE}.Debug|Any CPU.ActiveCfg = Debug|Any CPU
		{1BE7087F-9DD2-450C-819C-1C38FD55FFDE}.Debug|Any CPU.Build.0 = Debug|Any CPU
		{1BE7087F-9DD2-450C-819C-1C38FD55FFDE}.Release|Any CPU.ActiveCfg = Release|Any CPU
		{1BE7087F-9DD2-450C-819C-1C38FD55FFDE}.Release|Any CPU.Build.0 = Release|Any CPU
		{1484088E-3076-4D00-9C22-A3B74B4123E5}.Debug|Any CPU.ActiveCfg = Debug|Any CPU
		{1484088E-3076-4D00-9C22-A3B74B4123E5}.Debug|Any CPU.Build.0 = Debug|Any CPU
		{1484088E-3076-4D00-9C22-A3B74B4123E5}.Release|Any CPU.ActiveCfg = Release|Any CPU
		{1484088E-3076-4D00-9C22-A3B74B4123E5}.Release|Any CPU.Build.0 = Release|Any CPU
		{A60DA2C2-99D3-4B6B-8301-A63D7EBF8D46}.Debug|Any CPU.ActiveCfg = Debug|Any CPU
		{A60DA2C2-99D3-4B6B-8301-A63D7EBF8D46}.Debug|Any CPU.Build.0 = Debug|Any CPU
		{A60DA2C2-99D3-4B6B-8301-A63D7EBF8D46}.Release|Any CPU.ActiveCfg = Release|Any CPU
		{A60DA2C2-99D3-4B6B-8301-A63D7EBF8D46}.Release|Any CPU.Build.0 = Release|Any CPU
		{35F9DC48-3C07-47DD-8191-5164E8BD8720}.Debug|Any CPU.ActiveCfg = Debug|Any CPU
		{35F9DC48-3C07-47DD-8191-5164E8BD8720}.Debug|Any CPU.Build.0 = Debug|Any CPU
		{35F9DC48-3C07-47DD-8191-5164E8BD8720}.Release|Any CPU.ActiveCfg = Release|Any CPU
		{35F9DC48-3C07-47DD-8191-5164E8BD8720}.Release|Any CPU.Build.0 = Release|Any CPU
		{C93D2CC9-B8AB-4C1D-A66A-EB6C65DA7AC9}.Debug|Any CPU.ActiveCfg = Debug|Any CPU
		{C93D2CC9-B8AB-4C1D-A66A-EB6C65DA7AC9}.Debug|Any CPU.Build.0 = Debug|Any CPU
		{C93D2CC9-B8AB-4C1D-A66A-EB6C65DA7AC9}.Release|Any CPU.ActiveCfg = Release|Any CPU
		{C93D2CC9-B8AB-4C1D-A66A-EB6C65DA7AC9}.Release|Any CPU.Build.0 = Release|Any CPU
		{4EE0374E-D1C8-4E29-B865-09A9F79A788C}.Debug|Any CPU.ActiveCfg = Debug|Any CPU
		{4EE0374E-D1C8-4E29-B865-09A9F79A788C}.Debug|Any CPU.Build.0 = Debug|Any CPU
		{4EE0374E-D1C8-4E29-B865-09A9F79A788C}.Release|Any CPU.ActiveCfg = Release|Any CPU
		{4EE0374E-D1C8-4E29-B865-09A9F79A788C}.Release|Any CPU.Build.0 = Release|Any CPU
		{2E2B25F8-1C0D-442F-B3E9-A535681AAEFE}.Debug|Any CPU.ActiveCfg = Debug|Any CPU
		{2E2B25F8-1C0D-442F-B3E9-A535681AAEFE}.Debug|Any CPU.Build.0 = Debug|Any CPU
		{2E2B25F8-1C0D-442F-B3E9-A535681AAEFE}.Release|Any CPU.ActiveCfg = Release|Any CPU
		{2E2B25F8-1C0D-442F-B3E9-A535681AAEFE}.Release|Any CPU.Build.0 = Release|Any CPU
		{CE02D1A6-040A-4A84-BB2A-A502FC433F90}.Debug|Any CPU.ActiveCfg = Debug|Any CPU
		{CE02D1A6-040A-4A84-BB2A-A502FC433F90}.Debug|Any CPU.Build.0 = Debug|Any CPU
		{CE02D1A6-040A-4A84-BB2A-A502FC433F90}.Release|Any CPU.ActiveCfg = Release|Any CPU
		{CE02D1A6-040A-4A84-BB2A-A502FC433F90}.Release|Any CPU.Build.0 = Release|Any CPU
		{7B61B592-2AB7-45C4-A9F8-EE4BD1ADC725}.Debug|Any CPU.ActiveCfg = Debug|Any CPU
		{7B61B592-2AB7-45C4-A9F8-EE4BD1ADC725}.Debug|Any CPU.Build.0 = Debug|Any CPU
		{7B61B592-2AB7-45C4-A9F8-EE4BD1ADC725}.Release|Any CPU.ActiveCfg = Release|Any CPU
		{7B61B592-2AB7-45C4-A9F8-EE4BD1ADC725}.Release|Any CPU.Build.0 = Release|Any CPU
		{D24C6199-446A-49C7-88D6-A0717FDCC473}.Debug|Any CPU.ActiveCfg = Debug|Any CPU
		{D24C6199-446A-49C7-88D6-A0717FDCC473}.Debug|Any CPU.Build.0 = Debug|Any CPU
		{D24C6199-446A-49C7-88D6-A0717FDCC473}.Release|Any CPU.ActiveCfg = Release|Any CPU
		{D24C6199-446A-49C7-88D6-A0717FDCC473}.Release|Any CPU.Build.0 = Release|Any CPU
		{1A10723E-1C4A-46CD-8FF4-3A5B04D481EA}.Debug|Any CPU.ActiveCfg = Debug|Any CPU
		{1A10723E-1C4A-46CD-8FF4-3A5B04D481EA}.Debug|Any CPU.Build.0 = Debug|Any CPU
		{1A10723E-1C4A-46CD-8FF4-3A5B04D481EA}.Release|Any CPU.ActiveCfg = Release|Any CPU
		{1A10723E-1C4A-46CD-8FF4-3A5B04D481EA}.Release|Any CPU.Build.0 = Release|Any CPU
		{3C868F48-5D82-48E8-9E3C-9898C22DE7E9}.Debug|Any CPU.ActiveCfg = Debug|Any CPU
		{3C868F48-5D82-48E8-9E3C-9898C22DE7E9}.Debug|Any CPU.Build.0 = Debug|Any CPU
		{3C868F48-5D82-48E8-9E3C-9898C22DE7E9}.Release|Any CPU.ActiveCfg = Release|Any CPU
		{3C868F48-5D82-48E8-9E3C-9898C22DE7E9}.Release|Any CPU.Build.0 = Release|Any CPU
		{551E98E6-588B-4F08-9F2D-C2C583DFA974}.Debug|Any CPU.ActiveCfg = Debug|Any CPU
		{551E98E6-588B-4F08-9F2D-C2C583DFA974}.Debug|Any CPU.Build.0 = Debug|Any CPU
		{551E98E6-588B-4F08-9F2D-C2C583DFA974}.Release|Any CPU.ActiveCfg = Release|Any CPU
		{551E98E6-588B-4F08-9F2D-C2C583DFA974}.Release|Any CPU.Build.0 = Release|Any CPU
		{A94760C7-A310-4792-8C63-06307DA62543}.Debug|Any CPU.ActiveCfg = Debug|Any CPU
		{A94760C7-A310-4792-8C63-06307DA62543}.Debug|Any CPU.Build.0 = Debug|Any CPU
		{A94760C7-A310-4792-8C63-06307DA62543}.Release|Any CPU.ActiveCfg = Release|Any CPU
		{A94760C7-A310-4792-8C63-06307DA62543}.Release|Any CPU.Build.0 = Release|Any CPU
	EndGlobalSection
	GlobalSection(SolutionProperties) = preSolution
		HideSolutionNode = FALSE
	EndGlobalSection
	GlobalSection(ExtensibilityGlobals) = postSolution
		SolutionGuid = {A4652232-C85C-4A76-A8F4-9552C3408AB2}
	EndGlobalSection
EndGlobal
